// !$*UTF8*$!
{
	archiveVersion = 1;
	classes = {
	};
	objectVersion = 55;
	objects = {

/* Begin PBXBuildFile section */
		30C2903B2EE24BFE6BE7A48B /* Pods_adOHRa.framework in Frameworks */ = {isa = PBXBuildFile; fileRef = C0696603455B892DAB609577 /* Pods_adOHRa.framework */; };
		520BC7382768DAA60026A815 /* AppDelegate.swift in Sources */ = {isa = PBXBuildFile; fileRef = 520BC7372768DAA60026A815 /* AppDelegate.swift */; };
		520BC73A2768DAA60026A815 /* SceneDelegate.swift in Sources */ = {isa = PBXBuildFile; fileRef = 520BC7392768DAA60026A815 /* SceneDelegate.swift */; };
		520BC73C2768DAA60026A815 /* MainViewController.swift in Sources */ = {isa = PBXBuildFile; fileRef = 520BC73B2768DAA60026A815 /* MainViewController.swift */; };
		520BC73F2768DAA70026A815 /* Main.storyboard in Resources */ = {isa = PBXBuildFile; fileRef = 520BC73D2768DAA70026A815 /* Main.storyboard */; };
		520BC7412768DAA90026A815 /* Assets.xcassets in Resources */ = {isa = PBXBuildFile; fileRef = 520BC7402768DAA90026A815 /* Assets.xcassets */; };
		520BC7442768DAA90026A815 /* LaunchScreen.storyboard in Resources */ = {isa = PBXBuildFile; fileRef = 520BC7422768DAA90026A815 /* LaunchScreen.storyboard */; };
		520BC74F2768DAA90026A815 /* adOHRaTests.swift in Sources */ = {isa = PBXBuildFile; fileRef = 520BC74E2768DAA90026A815 /* adOHRaTests.swift */; };
		520BC7592768DAA90026A815 /* adOHRaUITests.swift in Sources */ = {isa = PBXBuildFile; fileRef = 520BC7582768DAA90026A815 /* adOHRaUITests.swift */; };
		520BC75B2768DAA90026A815 /* adOHRaUITestsLaunchTests.swift in Sources */ = {isa = PBXBuildFile; fileRef = 520BC75A2768DAA90026A815 /* adOHRaUITestsLaunchTests.swift */; };
		5248656C27B9738200ECBF36 /* InfoViewController.swift in Sources */ = {isa = PBXBuildFile; fileRef = 5248656B27B9738200ECBF36 /* InfoViewController.swift */; };
		525F0847279B696000D704D7 /* InterruptionCause.swift in Sources */ = {isa = PBXBuildFile; fileRef = 525F0846279B696000D704D7 /* InterruptionCause.swift */; };
		5262029427BA5B080004F462 /* Localizable.strings in Resources */ = {isa = PBXBuildFile; fileRef = 5262029627BA5B080004F462 /* Localizable.strings */; };
		5264ED8927AA860500C245C1 /* InterruptionNotifier.swift in Sources */ = {isa = PBXBuildFile; fileRef = 5264ED8827AA860500C245C1 /* InterruptionNotifier.swift */; };
		5264ED8B27AE8AD400C245C1 /* .gitignore in Resources */ = {isa = PBXBuildFile; fileRef = 5264ED8A27AE8AD400C245C1 /* .gitignore */; };
		5265CF282775E43F0075380B /* bctoolbox.framework in Frameworks */ = {isa = PBXBuildFile; fileRef = 5265CF1F2775DFD00075380B /* bctoolbox.framework */; };
		5265CF292775E4410075380B /* ortp.framework in Frameworks */ = {isa = PBXBuildFile; fileRef = 5265CF212775DFF00075380B /* ortp.framework */; };
		5273F79227C7B39000B97D35 /* bctoolbox.framework in Frameworks */ = {isa = PBXBuildFile; fileRef = 5265CF1F2775DFD00075380B /* bctoolbox.framework */; };
		5273F79327C7B39800B97D35 /* bctoolbox.framework in Embed Frameworks */ = {isa = PBXBuildFile; fileRef = 5265CF1F2775DFD00075380B /* bctoolbox.framework */; settings = {ATTRIBUTES = (CodeSignOnCopy, RemoveHeadersOnCopy, ); }; };
		5273F79427C7B6EE00B97D35 /* ortp.framework in Embed Frameworks */ = {isa = PBXBuildFile; fileRef = 5265CF212775DFF00075380B /* ortp.framework */; settings = {ATTRIBUTES = (CodeSignOnCopy, RemoveHeadersOnCopy, ); }; };
		5273F79527C7B6FB00B97D35 /* ortp.framework in Frameworks */ = {isa = PBXBuildFile; fileRef = 5265CF212775DFF00075380B /* ortp.framework */; };
		52939A372797389E001AFA18 /* AudioSessionHealthObserver.swift in Sources */ = {isa = PBXBuildFile; fileRef = 52939A362797389E001AFA18 /* AudioSessionHealthObserver.swift */; };
		52939A392798C727001AFA18 /* InterruptionDelegate.swift in Sources */ = {isa = PBXBuildFile; fileRef = 52939A382798C727001AFA18 /* InterruptionDelegate.swift */; };
		52C1D8DD2779EC550081C799 /* AVFAudio.framework in Frameworks */ = {isa = PBXBuildFile; fileRef = 52C1D8DC2779EC550081C799 /* AVFAudio.framework */; };
		52C1D8DF277A765F0081C799 /* Player.swift in Sources */ = {isa = PBXBuildFile; fileRef = 52C1D8DE277A765F0081C799 /* Player.swift */; };
		52C1D8E3277A78C70081C799 /* iRx.c in Sources */ = {isa = PBXBuildFile; fileRef = 52C1D8E2277A78C70081C799 /* iRx.c */; };
		52F1295027904093002DC967 /* WiFiManager.swift in Sources */ = {isa = PBXBuildFile; fileRef = 52F1294F27904093002DC967 /* WiFiManager.swift */; };
		52F1295527904944002DC967 /* ExternalAccessory.framework in Frameworks */ = {isa = PBXBuildFile; fileRef = 52F1295427904944002DC967 /* ExternalAccessory.framework */; };
		52F12957279082BE002DC967 /* NetworkExtension.framework in Frameworks */ = {isa = PBXBuildFile; fileRef = 52F12956279082BE002DC967 /* NetworkExtension.framework */; };
		52F1295927908E02002DC967 /* SystemConfiguration.framework in Frameworks */ = {isa = PBXBuildFile; fileRef = 52F1295827908E02002DC967 /* SystemConfiguration.framework */; };
		52FEC60E279611E3001F06AF /* Secrets.swift in Sources */ = {isa = PBXBuildFile; fileRef = 52FEC60D279611E3001F06AF /* Secrets.swift */; };
		5590D445B6BC050F4E367CCD /* libPods-adOHRaTests.a in Frameworks */ = {isa = PBXBuildFile; fileRef = 188909A35D7212145FF79C17 /* libPods-adOHRaTests.a */; };
		AA7D84822564074D238B47FB /* libPods-adOHRaUITests.a in Frameworks */ = {isa = PBXBuildFile; fileRef = AF1153C8665DFCC520A3E9EA /* libPods-adOHRaUITests.a */; };
/* End PBXBuildFile section */

/* Begin PBXContainerItemProxy section */
		520BC74B2768DAA90026A815 /* PBXContainerItemProxy */ = {
			isa = PBXContainerItemProxy;
			containerPortal = 520BC72C2768DAA60026A815 /* Project object */;
			proxyType = 1;
			remoteGlobalIDString = 520BC7332768DAA60026A815;
			remoteInfo = ADette;
		};
		520BC7552768DAA90026A815 /* PBXContainerItemProxy */ = {
			isa = PBXContainerItemProxy;
			containerPortal = 520BC72C2768DAA60026A815 /* Project object */;
			proxyType = 1;
			remoteGlobalIDString = 520BC7332768DAA60026A815;
			remoteInfo = ADette;
		};
/* End PBXContainerItemProxy section */

/* Begin PBXCopyFilesBuildPhase section */
		52008D1127C6EF3D000BF5B5 /* Embed Frameworks */ = {
			isa = PBXCopyFilesBuildPhase;
			buildActionMask = 12;
			dstPath = "";
			dstSubfolderSpec = 10;
			files = (
				5273F79427C7B6EE00B97D35 /* ortp.framework in Embed Frameworks */,
				5273F79327C7B39800B97D35 /* bctoolbox.framework in Embed Frameworks */,
			);
			name = "Embed Frameworks";
			runOnlyForDeploymentPostprocessing = 0;
		};
/* End PBXCopyFilesBuildPhase section */

/* Begin PBXFileReference section */
		188909A35D7212145FF79C17 /* libPods-adOHRaTests.a */ = {isa = PBXFileReference; explicitFileType = archive.ar; includeInIndex = 0; path = "libPods-adOHRaTests.a"; sourceTree = BUILT_PRODUCTS_DIR; };
		4C555BDDA4D72E37ABABDE5C /* Pods-adOHRaUITests.release.xcconfig */ = {isa = PBXFileReference; includeInIndex = 1; lastKnownFileType = text.xcconfig; name = "Pods-adOHRaUITests.release.xcconfig"; path = "Target Support Files/Pods-adOHRaUITests/Pods-adOHRaUITests.release.xcconfig"; sourceTree = "<group>"; };
		520BC7342768DAA60026A815 /* adOHRa.app */ = {isa = PBXFileReference; explicitFileType = wrapper.application; includeInIndex = 0; path = adOHRa.app; sourceTree = BUILT_PRODUCTS_DIR; };
		520BC7372768DAA60026A815 /* AppDelegate.swift */ = {isa = PBXFileReference; lastKnownFileType = sourcecode.swift; path = AppDelegate.swift; sourceTree = "<group>"; };
		520BC7392768DAA60026A815 /* SceneDelegate.swift */ = {isa = PBXFileReference; lastKnownFileType = sourcecode.swift; path = SceneDelegate.swift; sourceTree = "<group>"; };
		520BC73B2768DAA60026A815 /* MainViewController.swift */ = {isa = PBXFileReference; lastKnownFileType = sourcecode.swift; path = MainViewController.swift; sourceTree = "<group>"; };
		520BC73E2768DAA70026A815 /* Base */ = {isa = PBXFileReference; lastKnownFileType = file.storyboard; name = Base; path = Base.lproj/Main.storyboard; sourceTree = "<group>"; };
		520BC7402768DAA90026A815 /* Assets.xcassets */ = {isa = PBXFileReference; lastKnownFileType = folder.assetcatalog; path = Assets.xcassets; sourceTree = "<group>"; };
		520BC7432768DAA90026A815 /* Base */ = {isa = PBXFileReference; lastKnownFileType = file.storyboard; name = Base; path = Base.lproj/LaunchScreen.storyboard; sourceTree = "<group>"; };
		520BC7452768DAA90026A815 /* Info.plist */ = {isa = PBXFileReference; lastKnownFileType = text.plist.xml; path = Info.plist; sourceTree = "<group>"; };
		520BC74A2768DAA90026A815 /* adOHRaTests.xctest */ = {isa = PBXFileReference; explicitFileType = wrapper.cfbundle; includeInIndex = 0; path = adOHRaTests.xctest; sourceTree = BUILT_PRODUCTS_DIR; };
		520BC74E2768DAA90026A815 /* adOHRaTests.swift */ = {isa = PBXFileReference; lastKnownFileType = sourcecode.swift; path = adOHRaTests.swift; sourceTree = "<group>"; };
		520BC7542768DAA90026A815 /* adOHRaUITests.xctest */ = {isa = PBXFileReference; explicitFileType = wrapper.cfbundle; includeInIndex = 0; path = adOHRaUITests.xctest; sourceTree = BUILT_PRODUCTS_DIR; };
		520BC7582768DAA90026A815 /* adOHRaUITests.swift */ = {isa = PBXFileReference; lastKnownFileType = sourcecode.swift; path = adOHRaUITests.swift; sourceTree = "<group>"; };
		520BC75A2768DAA90026A815 /* adOHRaUITestsLaunchTests.swift */ = {isa = PBXFileReference; lastKnownFileType = sourcecode.swift; path = adOHRaUITestsLaunchTests.swift; sourceTree = "<group>"; };
		5248656B27B9738200ECBF36 /* InfoViewController.swift */ = {isa = PBXFileReference; lastKnownFileType = sourcecode.swift; path = InfoViewController.swift; sourceTree = "<group>"; };
		525F0846279B696000D704D7 /* InterruptionCause.swift */ = {isa = PBXFileReference; lastKnownFileType = sourcecode.swift; path = InterruptionCause.swift; sourceTree = "<group>"; };
		5262029027BA58440004F462 /* en */ = {isa = PBXFileReference; lastKnownFileType = text.plist.strings; name = en; path = en.lproj/Main.strings; sourceTree = "<group>"; };
		5262029127BA58440004F462 /* en */ = {isa = PBXFileReference; lastKnownFileType = text.plist.strings; name = en; path = en.lproj/LaunchScreen.strings; sourceTree = "<group>"; };
		5262029527BA5B080004F462 /* en */ = {isa = PBXFileReference; lastKnownFileType = text.plist.strings; name = en; path = en.lproj/Localizable.strings; sourceTree = "<group>"; };
		5262029727BA5B0A0004F462 /* de */ = {isa = PBXFileReference; lastKnownFileType = text.plist.strings; name = de; path = de.lproj/Localizable.strings; sourceTree = "<group>"; };
		5264ED8827AA860500C245C1 /* InterruptionNotifier.swift */ = {isa = PBXFileReference; lastKnownFileType = sourcecode.swift; path = InterruptionNotifier.swift; sourceTree = "<group>"; };
		5264ED8A27AE8AD400C245C1 /* .gitignore */ = {isa = PBXFileReference; fileEncoding = 4; lastKnownFileType = text; path = .gitignore; sourceTree = "<group>"; };
		5265CF1F2775DFD00075380B /* bctoolbox.framework */ = {isa = PBXFileReference; lastKnownFileType = wrapper.framework; path = bctoolbox.framework; sourceTree = "<group>"; };
		5265CF212775DFF00075380B /* ortp.framework */ = {isa = PBXFileReference; lastKnownFileType = wrapper.framework; path = ortp.framework; sourceTree = "<group>"; };
		52939A362797389E001AFA18 /* AudioSessionHealthObserver.swift */ = {isa = PBXFileReference; lastKnownFileType = sourcecode.swift; path = AudioSessionHealthObserver.swift; sourceTree = "<group>"; };
		52939A382798C727001AFA18 /* InterruptionDelegate.swift */ = {isa = PBXFileReference; lastKnownFileType = sourcecode.swift; path = InterruptionDelegate.swift; sourceTree = "<group>"; };
		52B7A965277C8347009ACFA5 /* adOHRaTests-Bridging-Header.h */ = {isa = PBXFileReference; lastKnownFileType = sourcecode.c.h; path = "adOHRaTests-Bridging-Header.h"; sourceTree = "<group>"; };
		52B7A9A0277CB798009ACFA5 /* iRx.h */ = {isa = PBXFileReference; lastKnownFileType = sourcecode.c.h; path = iRx.h; sourceTree = "<group>"; };
		52C1D8DC2779EC550081C799 /* AVFAudio.framework */ = {isa = PBXFileReference; lastKnownFileType = wrapper.framework; name = AVFAudio.framework; path = System/Library/Frameworks/AVFAudio.framework; sourceTree = SDKROOT; };
		52C1D8DE277A765F0081C799 /* Player.swift */ = {isa = PBXFileReference; lastKnownFileType = sourcecode.swift; path = Player.swift; sourceTree = "<group>"; };
		52C1D8E0277A78C60081C799 /* adOHRa-Bridging-Header.h */ = {isa = PBXFileReference; lastKnownFileType = sourcecode.c.h; path = "adOHRa-Bridging-Header.h"; sourceTree = "<group>"; };
		52C1D8E2277A78C70081C799 /* iRx.c */ = {isa = PBXFileReference; lastKnownFileType = sourcecode.c.c; path = iRx.c; sourceTree = "<group>"; };
		52C1D8E4277A7BE30081C799 /* constants.h */ = {isa = PBXFileReference; lastKnownFileType = sourcecode.c.h; path = constants.h; sourceTree = "<group>"; };
		52F1294F27904093002DC967 /* WiFiManager.swift */ = {isa = PBXFileReference; lastKnownFileType = sourcecode.swift; path = WiFiManager.swift; sourceTree = "<group>"; };
		52F1295327904944002DC967 /* adOhRa.entitlements */ = {isa = PBXFileReference; lastKnownFileType = text.plist.entitlements; path = adOhRa.entitlements; sourceTree = "<group>"; };
		52F1295427904944002DC967 /* ExternalAccessory.framework */ = {isa = PBXFileReference; lastKnownFileType = wrapper.framework; name = ExternalAccessory.framework; path = System/Library/Frameworks/ExternalAccessory.framework; sourceTree = SDKROOT; };
		52F12956279082BE002DC967 /* NetworkExtension.framework */ = {isa = PBXFileReference; lastKnownFileType = wrapper.framework; name = NetworkExtension.framework; path = System/Library/Frameworks/NetworkExtension.framework; sourceTree = SDKROOT; };
		52F1295827908E02002DC967 /* SystemConfiguration.framework */ = {isa = PBXFileReference; lastKnownFileType = wrapper.framework; name = SystemConfiguration.framework; path = System/Library/Frameworks/SystemConfiguration.framework; sourceTree = SDKROOT; };
		52FEC60D279611E3001F06AF /* Secrets.swift */ = {isa = PBXFileReference; lastKnownFileType = sourcecode.swift; path = Secrets.swift; sourceTree = "<group>"; };
		A65986ED02C38CA03752A26F /* Pods-adOHRaTests.release.xcconfig */ = {isa = PBXFileReference; includeInIndex = 1; lastKnownFileType = text.xcconfig; name = "Pods-adOHRaTests.release.xcconfig"; path = "Target Support Files/Pods-adOHRaTests/Pods-adOHRaTests.release.xcconfig"; sourceTree = "<group>"; };
		ADE44FE1EF46B4DEC4060C8E /* Pods-adOHRa.release.xcconfig */ = {isa = PBXFileReference; includeInIndex = 1; lastKnownFileType = text.xcconfig; name = "Pods-adOHRa.release.xcconfig"; path = "Target Support Files/Pods-adOHRa/Pods-adOHRa.release.xcconfig"; sourceTree = "<group>"; };
		AF1153C8665DFCC520A3E9EA /* libPods-adOHRaUITests.a */ = {isa = PBXFileReference; explicitFileType = archive.ar; includeInIndex = 0; path = "libPods-adOHRaUITests.a"; sourceTree = BUILT_PRODUCTS_DIR; };
		C0696603455B892DAB609577 /* Pods_adOHRa.framework */ = {isa = PBXFileReference; explicitFileType = wrapper.framework; includeInIndex = 0; path = Pods_adOHRa.framework; sourceTree = BUILT_PRODUCTS_DIR; };
		CAC581EE4200822AF2931D01 /* Pods-adOHRaUITests.debug.xcconfig */ = {isa = PBXFileReference; includeInIndex = 1; lastKnownFileType = text.xcconfig; name = "Pods-adOHRaUITests.debug.xcconfig"; path = "Target Support Files/Pods-adOHRaUITests/Pods-adOHRaUITests.debug.xcconfig"; sourceTree = "<group>"; };
		D0F49D950371396AFEBF26E4 /* Pods-adOHRaTests.debug.xcconfig */ = {isa = PBXFileReference; includeInIndex = 1; lastKnownFileType = text.xcconfig; name = "Pods-adOHRaTests.debug.xcconfig"; path = "Target Support Files/Pods-adOHRaTests/Pods-adOHRaTests.debug.xcconfig"; sourceTree = "<group>"; };
		FBAF733830B7C18911A4F5D1 /* Pods-adOHRa.debug.xcconfig */ = {isa = PBXFileReference; includeInIndex = 1; lastKnownFileType = text.xcconfig; name = "Pods-adOHRa.debug.xcconfig"; path = "Target Support Files/Pods-adOHRa/Pods-adOHRa.debug.xcconfig"; sourceTree = "<group>"; };
/* End PBXFileReference section */

/* Begin PBXFrameworksBuildPhase section */
		520BC7312768DAA60026A815 /* Frameworks */ = {
			isa = PBXFrameworksBuildPhase;
			buildActionMask = 2147483647;
			files = (
				5273F79527C7B6FB00B97D35 /* ortp.framework in Frameworks */,
				5273F79227C7B39000B97D35 /* bctoolbox.framework in Frameworks */,
				52F1295927908E02002DC967 /* SystemConfiguration.framework in Frameworks */,
				52C1D8DD2779EC550081C799 /* AVFAudio.framework in Frameworks */,
				52F12957279082BE002DC967 /* NetworkExtension.framework in Frameworks */,
				52F1295527904944002DC967 /* ExternalAccessory.framework in Frameworks */,
				30C2903B2EE24BFE6BE7A48B /* Pods_adOHRa.framework in Frameworks */,
			);
			runOnlyForDeploymentPostprocessing = 0;
		};
		520BC7472768DAA90026A815 /* Frameworks */ = {
			isa = PBXFrameworksBuildPhase;
			buildActionMask = 2147483647;
			files = (
				5265CF282775E43F0075380B /* bctoolbox.framework in Frameworks */,
				5265CF292775E4410075380B /* ortp.framework in Frameworks */,
				5590D445B6BC050F4E367CCD /* libPods-adOHRaTests.a in Frameworks */,
			);
			runOnlyForDeploymentPostprocessing = 0;
		};
		520BC7512768DAA90026A815 /* Frameworks */ = {
			isa = PBXFrameworksBuildPhase;
			buildActionMask = 2147483647;
			files = (
				AA7D84822564074D238B47FB /* libPods-adOHRaUITests.a in Frameworks */,
			);
			runOnlyForDeploymentPostprocessing = 0;
		};
/* End PBXFrameworksBuildPhase section */

/* Begin PBXGroup section */
		520BC72B2768DAA60026A815 = {
			isa = PBXGroup;
			children = (
				5264ED8A27AE8AD400C245C1 /* .gitignore */,
				520BC7362768DAA60026A815 /* adOHRa */,
				520BC74D2768DAA90026A815 /* adOHRaTests */,
				520BC7572768DAA90026A815 /* adOHRaUITests */,
				520BC7352768DAA60026A815 /* Products */,
				520BC7672768DB4E0026A815 /* Frameworks */,
				A17E5C181382FB4C208AF77F /* Pods */,
			);
			sourceTree = "<group>";
		};
		520BC7352768DAA60026A815 /* Products */ = {
			isa = PBXGroup;
			children = (
				520BC7342768DAA60026A815 /* adOHRa.app */,
				520BC74A2768DAA90026A815 /* adOHRaTests.xctest */,
				520BC7542768DAA90026A815 /* adOHRaUITests.xctest */,
			);
			name = Products;
			sourceTree = "<group>";
		};
		520BC7362768DAA60026A815 /* adOHRa */ = {
			isa = PBXGroup;
			children = (
				52F1295327904944002DC967 /* adOhRa.entitlements */,
				520BC7372768DAA60026A815 /* AppDelegate.swift */,
				520BC7392768DAA60026A815 /* SceneDelegate.swift */,
				520BC73B2768DAA60026A815 /* MainViewController.swift */,
				5248656B27B9738200ECBF36 /* InfoViewController.swift */,
				5262029627BA5B080004F462 /* Localizable.strings */,
				520BC73D2768DAA70026A815 /* Main.storyboard */,
				520BC7402768DAA90026A815 /* Assets.xcassets */,
				520BC7422768DAA90026A815 /* LaunchScreen.storyboard */,
				520BC7452768DAA90026A815 /* Info.plist */,
				52C1D8DE277A765F0081C799 /* Player.swift */,
				52C1D8E4277A7BE30081C799 /* constants.h */,
				52C1D8E2277A78C70081C799 /* iRx.c */,
				52B7A9A0277CB798009ACFA5 /* iRx.h */,
				52C1D8E0277A78C60081C799 /* adOHRa-Bridging-Header.h */,
				52F1294F27904093002DC967 /* WiFiManager.swift */,
				52FEC60D279611E3001F06AF /* Secrets.swift */,
				52939A362797389E001AFA18 /* AudioSessionHealthObserver.swift */,
				52939A382798C727001AFA18 /* InterruptionDelegate.swift */,
				525F0846279B696000D704D7 /* InterruptionCause.swift */,
				5264ED8827AA860500C245C1 /* InterruptionNotifier.swift */,
			);
			path = adOHRa;
			sourceTree = "<group>";
		};
		520BC74D2768DAA90026A815 /* adOHRaTests */ = {
			isa = PBXGroup;
			children = (
				520BC74E2768DAA90026A815 /* adOHRaTests.swift */,
				52B7A965277C8347009ACFA5 /* adOHRaTests-Bridging-Header.h */,
			);
			path = adOHRaTests;
			sourceTree = "<group>";
		};
		520BC7572768DAA90026A815 /* adOHRaUITests */ = {
			isa = PBXGroup;
			children = (
				520BC7582768DAA90026A815 /* adOHRaUITests.swift */,
				520BC75A2768DAA90026A815 /* adOHRaUITestsLaunchTests.swift */,
			);
			path = adOHRaUITests;
			sourceTree = "<group>";
		};
		520BC7672768DB4E0026A815 /* Frameworks */ = {
			isa = PBXGroup;
			children = (
				52F1295827908E02002DC967 /* SystemConfiguration.framework */,
				52F12956279082BE002DC967 /* NetworkExtension.framework */,
				52F1295427904944002DC967 /* ExternalAccessory.framework */,
				52C1D8DC2779EC550081C799 /* AVFAudio.framework */,
				5265CF1F2775DFD00075380B /* bctoolbox.framework */,
				5265CF212775DFF00075380B /* ortp.framework */,
				C0696603455B892DAB609577 /* Pods_adOHRa.framework */,
				188909A35D7212145FF79C17 /* libPods-adOHRaTests.a */,
				AF1153C8665DFCC520A3E9EA /* libPods-adOHRaUITests.a */,
			);
			name = Frameworks;
			sourceTree = "<group>";
		};
		A17E5C181382FB4C208AF77F /* Pods */ = {
			isa = PBXGroup;
			children = (
				FBAF733830B7C18911A4F5D1 /* Pods-adOHRa.debug.xcconfig */,
				ADE44FE1EF46B4DEC4060C8E /* Pods-adOHRa.release.xcconfig */,
				D0F49D950371396AFEBF26E4 /* Pods-adOHRaTests.debug.xcconfig */,
				A65986ED02C38CA03752A26F /* Pods-adOHRaTests.release.xcconfig */,
				CAC581EE4200822AF2931D01 /* Pods-adOHRaUITests.debug.xcconfig */,
				4C555BDDA4D72E37ABABDE5C /* Pods-adOHRaUITests.release.xcconfig */,
			);
			path = Pods;
			sourceTree = "<group>";
		};
/* End PBXGroup section */

/* Begin PBXNativeTarget section */
		520BC7332768DAA60026A815 /* adOHRa */ = {
			isa = PBXNativeTarget;
			buildConfigurationList = 520BC75E2768DAA90026A815 /* Build configuration list for PBXNativeTarget "adOHRa" */;
			buildPhases = (
				A78610F354A1C5983483A187 /* [CP] Check Pods Manifest.lock */,
				520BC7302768DAA60026A815 /* Sources */,
				520BC7312768DAA60026A815 /* Frameworks */,
				520BC7322768DAA60026A815 /* Resources */,
				52008D1127C6EF3D000BF5B5 /* Embed Frameworks */,
				7830289E5FEB6A25E1727E52 /* [CP] Embed Pods Frameworks */,
			);
			buildRules = (
			);
			dependencies = (
			);
			name = adOHRa;
			productName = ADette;
			productReference = 520BC7342768DAA60026A815 /* adOHRa.app */;
			productType = "com.apple.product-type.application";
		};
		520BC7492768DAA90026A815 /* adOHRaTests */ = {
			isa = PBXNativeTarget;
			buildConfigurationList = 520BC7612768DAA90026A815 /* Build configuration list for PBXNativeTarget "adOHRaTests" */;
			buildPhases = (
				FC4965670F05EF9B1195F2F1 /* [CP] Check Pods Manifest.lock */,
				520BC7462768DAA90026A815 /* Sources */,
				520BC7472768DAA90026A815 /* Frameworks */,
				520BC7482768DAA90026A815 /* Resources */,
			);
			buildRules = (
			);
			dependencies = (
				520BC74C2768DAA90026A815 /* PBXTargetDependency */,
			);
			name = adOHRaTests;
			productName = ADetteTests;
			productReference = 520BC74A2768DAA90026A815 /* adOHRaTests.xctest */;
			productType = "com.apple.product-type.bundle.unit-test";
		};
		520BC7532768DAA90026A815 /* adOHRaUITests */ = {
			isa = PBXNativeTarget;
			buildConfigurationList = 520BC7642768DAA90026A815 /* Build configuration list for PBXNativeTarget "adOHRaUITests" */;
			buildPhases = (
				90D8D0BC249716F09928AFFD /* [CP] Check Pods Manifest.lock */,
				520BC7502768DAA90026A815 /* Sources */,
				520BC7512768DAA90026A815 /* Frameworks */,
				520BC7522768DAA90026A815 /* Resources */,
			);
			buildRules = (
			);
			dependencies = (
				520BC7562768DAA90026A815 /* PBXTargetDependency */,
			);
			name = adOHRaUITests;
			productName = ADetteUITests;
			productReference = 520BC7542768DAA90026A815 /* adOHRaUITests.xctest */;
			productType = "com.apple.product-type.bundle.ui-testing";
		};
/* End PBXNativeTarget section */

/* Begin PBXProject section */
		520BC72C2768DAA60026A815 /* Project object */ = {
			isa = PBXProject;
			attributes = {
				BuildIndependentTargetsInParallel = 1;
				LastSwiftUpdateCheck = 1320;
				LastUpgradeCheck = 1330;
				TargetAttributes = {
					520BC7332768DAA60026A815 = {
						CreatedOnToolsVersion = 13.1;
						LastSwiftMigration = 1320;
					};
					520BC7492768DAA90026A815 = {
						CreatedOnToolsVersion = 13.1;
						LastSwiftMigration = 1320;
						TestTargetID = 520BC7332768DAA60026A815;
					};
					520BC7532768DAA90026A815 = {
						CreatedOnToolsVersion = 13.1;
						TestTargetID = 520BC7332768DAA60026A815;
					};
				};
			};
			buildConfigurationList = 520BC72F2768DAA60026A815 /* Build configuration list for PBXProject "adOHRa" */;
			compatibilityVersion = "Xcode 13.0";
			developmentRegion = de;
			hasScannedForEncodings = 0;
			knownRegions = (
				de,
				Base,
				en,
			);
			mainGroup = 520BC72B2768DAA60026A815;
			productRefGroup = 520BC7352768DAA60026A815 /* Products */;
			projectDirPath = "";
			projectRoot = "";
			targets = (
				520BC7332768DAA60026A815 /* adOHRa */,
				520BC7492768DAA90026A815 /* adOHRaTests */,
				520BC7532768DAA90026A815 /* adOHRaUITests */,
			);
		};
/* End PBXProject section */

/* Begin PBXResourcesBuildPhase section */
		520BC7322768DAA60026A815 /* Resources */ = {
			isa = PBXResourcesBuildPhase;
			buildActionMask = 2147483647;
			files = (
				5262029427BA5B080004F462 /* Localizable.strings in Resources */,
				5264ED8B27AE8AD400C245C1 /* .gitignore in Resources */,
				520BC7442768DAA90026A815 /* LaunchScreen.storyboard in Resources */,
				520BC7412768DAA90026A815 /* Assets.xcassets in Resources */,
				520BC73F2768DAA70026A815 /* Main.storyboard in Resources */,
			);
			runOnlyForDeploymentPostprocessing = 0;
		};
		520BC7482768DAA90026A815 /* Resources */ = {
			isa = PBXResourcesBuildPhase;
			buildActionMask = 2147483647;
			files = (
			);
			runOnlyForDeploymentPostprocessing = 0;
		};
		520BC7522768DAA90026A815 /* Resources */ = {
			isa = PBXResourcesBuildPhase;
			buildActionMask = 2147483647;
			files = (
			);
			runOnlyForDeploymentPostprocessing = 0;
		};
/* End PBXResourcesBuildPhase section */

/* Begin PBXShellScriptBuildPhase section */
		7830289E5FEB6A25E1727E52 /* [CP] Embed Pods Frameworks */ = {
			isa = PBXShellScriptBuildPhase;
			buildActionMask = 2147483647;
			files = (
			);
			inputFileListPaths = (
				"${PODS_ROOT}/Target Support Files/Pods-adOHRa/Pods-adOHRa-frameworks-${CONFIGURATION}-input-files.xcfilelist",
			);
			name = "[CP] Embed Pods Frameworks";
			outputFileListPaths = (
				"${PODS_ROOT}/Target Support Files/Pods-adOHRa/Pods-adOHRa-frameworks-${CONFIGURATION}-output-files.xcfilelist",
			);
			runOnlyForDeploymentPostprocessing = 0;
			shellPath = /bin/sh;
			shellScript = "\"${PODS_ROOT}/Target Support Files/Pods-adOHRa/Pods-adOHRa-frameworks.sh\"\n";
			showEnvVarsInLog = 0;
		};
		90D8D0BC249716F09928AFFD /* [CP] Check Pods Manifest.lock */ = {
			isa = PBXShellScriptBuildPhase;
			buildActionMask = 2147483647;
			files = (
			);
			inputFileListPaths = (
			);
			inputPaths = (
				"${PODS_PODFILE_DIR_PATH}/Podfile.lock",
				"${PODS_ROOT}/Manifest.lock",
			);
			name = "[CP] Check Pods Manifest.lock";
			outputFileListPaths = (
			);
			outputPaths = (
				"$(DERIVED_FILE_DIR)/Pods-adOHRaUITests-checkManifestLockResult.txt",
			);
			runOnlyForDeploymentPostprocessing = 0;
			shellPath = /bin/sh;
			shellScript = "diff \"${PODS_PODFILE_DIR_PATH}/Podfile.lock\" \"${PODS_ROOT}/Manifest.lock\" > /dev/null\nif [ $? != 0 ] ; then\n    # print error to STDERR\n    echo \"error: The sandbox is not in sync with the Podfile.lock. Run 'pod install' or update your CocoaPods installation.\" >&2\n    exit 1\nfi\n# This output is used by Xcode 'outputs' to avoid re-running this script phase.\necho \"SUCCESS\" > \"${SCRIPT_OUTPUT_FILE_0}\"\n";
			showEnvVarsInLog = 0;
		};
		A78610F354A1C5983483A187 /* [CP] Check Pods Manifest.lock */ = {
			isa = PBXShellScriptBuildPhase;
			buildActionMask = 2147483647;
			files = (
			);
			inputFileListPaths = (
			);
			inputPaths = (
				"${PODS_PODFILE_DIR_PATH}/Podfile.lock",
				"${PODS_ROOT}/Manifest.lock",
			);
			name = "[CP] Check Pods Manifest.lock";
			outputFileListPaths = (
			);
			outputPaths = (
				"$(DERIVED_FILE_DIR)/Pods-adOHRa-checkManifestLockResult.txt",
			);
			runOnlyForDeploymentPostprocessing = 0;
			shellPath = /bin/sh;
			shellScript = "diff \"${PODS_PODFILE_DIR_PATH}/Podfile.lock\" \"${PODS_ROOT}/Manifest.lock\" > /dev/null\nif [ $? != 0 ] ; then\n    # print error to STDERR\n    echo \"error: The sandbox is not in sync with the Podfile.lock. Run 'pod install' or update your CocoaPods installation.\" >&2\n    exit 1\nfi\n# This output is used by Xcode 'outputs' to avoid re-running this script phase.\necho \"SUCCESS\" > \"${SCRIPT_OUTPUT_FILE_0}\"\n";
			showEnvVarsInLog = 0;
		};
		FC4965670F05EF9B1195F2F1 /* [CP] Check Pods Manifest.lock */ = {
			isa = PBXShellScriptBuildPhase;
			buildActionMask = 2147483647;
			files = (
			);
			inputFileListPaths = (
			);
			inputPaths = (
				"${PODS_PODFILE_DIR_PATH}/Podfile.lock",
				"${PODS_ROOT}/Manifest.lock",
			);
			name = "[CP] Check Pods Manifest.lock";
			outputFileListPaths = (
			);
			outputPaths = (
				"$(DERIVED_FILE_DIR)/Pods-adOHRaTests-checkManifestLockResult.txt",
			);
			runOnlyForDeploymentPostprocessing = 0;
			shellPath = /bin/sh;
			shellScript = "diff \"${PODS_PODFILE_DIR_PATH}/Podfile.lock\" \"${PODS_ROOT}/Manifest.lock\" > /dev/null\nif [ $? != 0 ] ; then\n    # print error to STDERR\n    echo \"error: The sandbox is not in sync with the Podfile.lock. Run 'pod install' or update your CocoaPods installation.\" >&2\n    exit 1\nfi\n# This output is used by Xcode 'outputs' to avoid re-running this script phase.\necho \"SUCCESS\" > \"${SCRIPT_OUTPUT_FILE_0}\"\n";
			showEnvVarsInLog = 0;
		};
/* End PBXShellScriptBuildPhase section */

/* Begin PBXSourcesBuildPhase section */
		520BC7302768DAA60026A815 /* Sources */ = {
			isa = PBXSourcesBuildPhase;
			buildActionMask = 2147483647;
			files = (
				52F1295027904093002DC967 /* WiFiManager.swift in Sources */,
				52939A372797389E001AFA18 /* AudioSessionHealthObserver.swift in Sources */,
				525F0847279B696000D704D7 /* InterruptionCause.swift in Sources */,
				5248656C27B9738200ECBF36 /* InfoViewController.swift in Sources */,
				52C1D8DF277A765F0081C799 /* Player.swift in Sources */,
				52C1D8E3277A78C70081C799 /* iRx.c in Sources */,
				520BC73C2768DAA60026A815 /* MainViewController.swift in Sources */,
				520BC7382768DAA60026A815 /* AppDelegate.swift in Sources */,
				5264ED8927AA860500C245C1 /* InterruptionNotifier.swift in Sources */,
				520BC73A2768DAA60026A815 /* SceneDelegate.swift in Sources */,
				52939A392798C727001AFA18 /* InterruptionDelegate.swift in Sources */,
				52FEC60E279611E3001F06AF /* Secrets.swift in Sources */,
			);
			runOnlyForDeploymentPostprocessing = 0;
		};
		520BC7462768DAA90026A815 /* Sources */ = {
			isa = PBXSourcesBuildPhase;
			buildActionMask = 2147483647;
			files = (
				520BC74F2768DAA90026A815 /* adOHRaTests.swift in Sources */,
			);
			runOnlyForDeploymentPostprocessing = 0;
		};
		520BC7502768DAA90026A815 /* Sources */ = {
			isa = PBXSourcesBuildPhase;
			buildActionMask = 2147483647;
			files = (
				520BC7592768DAA90026A815 /* adOHRaUITests.swift in Sources */,
				520BC75B2768DAA90026A815 /* adOHRaUITestsLaunchTests.swift in Sources */,
			);
			runOnlyForDeploymentPostprocessing = 0;
		};
/* End PBXSourcesBuildPhase section */

/* Begin PBXTargetDependency section */
		520BC74C2768DAA90026A815 /* PBXTargetDependency */ = {
			isa = PBXTargetDependency;
			target = 520BC7332768DAA60026A815 /* adOHRa */;
			targetProxy = 520BC74B2768DAA90026A815 /* PBXContainerItemProxy */;
		};
		520BC7562768DAA90026A815 /* PBXTargetDependency */ = {
			isa = PBXTargetDependency;
			target = 520BC7332768DAA60026A815 /* adOHRa */;
			targetProxy = 520BC7552768DAA90026A815 /* PBXContainerItemProxy */;
		};
/* End PBXTargetDependency section */

/* Begin PBXVariantGroup section */
		520BC73D2768DAA70026A815 /* Main.storyboard */ = {
			isa = PBXVariantGroup;
			children = (
				520BC73E2768DAA70026A815 /* Base */,
				5262029027BA58440004F462 /* en */,
			);
			name = Main.storyboard;
			sourceTree = "<group>";
		};
		520BC7422768DAA90026A815 /* LaunchScreen.storyboard */ = {
			isa = PBXVariantGroup;
			children = (
				520BC7432768DAA90026A815 /* Base */,
				5262029127BA58440004F462 /* en */,
			);
			name = LaunchScreen.storyboard;
			sourceTree = "<group>";
		};
		5262029627BA5B080004F462 /* Localizable.strings */ = {
			isa = PBXVariantGroup;
			children = (
				5262029527BA5B080004F462 /* en */,
				5262029727BA5B0A0004F462 /* de */,
			);
			name = Localizable.strings;
			sourceTree = "<group>";
		};
/* End PBXVariantGroup section */

/* Begin XCBuildConfiguration section */
		520BC75C2768DAA90026A815 /* Debug */ = {
			isa = XCBuildConfiguration;
			buildSettings = {
				ALWAYS_SEARCH_USER_PATHS = NO;
				CLANG_ANALYZER_LOCALIZABILITY_NONLOCALIZED = YES;
				CLANG_ANALYZER_NONNULL = YES;
				CLANG_ANALYZER_NUMBER_OBJECT_CONVERSION = YES_AGGRESSIVE;
				CLANG_CXX_LANGUAGE_STANDARD = "gnu++17";
				CLANG_CXX_LIBRARY = "libc++";
				CLANG_ENABLE_MODULES = YES;
				CLANG_ENABLE_OBJC_ARC = YES;
				CLANG_ENABLE_OBJC_WEAK = YES;
				CLANG_WARN_BLOCK_CAPTURE_AUTORELEASING = YES;
				CLANG_WARN_BOOL_CONVERSION = YES;
				CLANG_WARN_COMMA = YES;
				CLANG_WARN_CONSTANT_CONVERSION = YES;
				CLANG_WARN_DEPRECATED_OBJC_IMPLEMENTATIONS = YES;
				CLANG_WARN_DIRECT_OBJC_ISA_USAGE = YES_ERROR;
				CLANG_WARN_DOCUMENTATION_COMMENTS = YES;
				CLANG_WARN_EMPTY_BODY = YES;
				CLANG_WARN_ENUM_CONVERSION = YES;
				CLANG_WARN_INFINITE_RECURSION = YES;
				CLANG_WARN_INT_CONVERSION = YES;
				CLANG_WARN_NON_LITERAL_NULL_CONVERSION = YES;
				CLANG_WARN_OBJC_IMPLICIT_RETAIN_SELF = YES;
				CLANG_WARN_OBJC_LITERAL_CONVERSION = YES;
				CLANG_WARN_OBJC_ROOT_CLASS = YES_ERROR;
				CLANG_WARN_QUOTED_INCLUDE_IN_FRAMEWORK_HEADER = YES;
				CLANG_WARN_RANGE_LOOP_ANALYSIS = YES;
				CLANG_WARN_STRICT_PROTOTYPES = YES;
				CLANG_WARN_SUSPICIOUS_MOVE = YES;
				CLANG_WARN_UNGUARDED_AVAILABILITY = YES_AGGRESSIVE;
				CLANG_WARN_UNREACHABLE_CODE = YES;
				CLANG_WARN__DUPLICATE_METHOD_MATCH = YES;
				COPY_PHASE_STRIP = NO;
				DEBUG_INFORMATION_FORMAT = dwarf;
				ENABLE_STRICT_OBJC_MSGSEND = YES;
				ENABLE_TESTABILITY = YES;
				GCC_C_LANGUAGE_STANDARD = gnu11;
				GCC_DYNAMIC_NO_PIC = NO;
				GCC_NO_COMMON_BLOCKS = YES;
				GCC_OPTIMIZATION_LEVEL = 0;
				GCC_PREPROCESSOR_DEFINITIONS = (
					"DEBUG=1",
					"$(inherited)",
				);
				GCC_WARN_64_TO_32_BIT_CONVERSION = YES;
				GCC_WARN_ABOUT_RETURN_TYPE = YES_ERROR;
				GCC_WARN_UNDECLARED_SELECTOR = YES;
				GCC_WARN_UNINITIALIZED_AUTOS = YES_AGGRESSIVE;
				GCC_WARN_UNUSED_FUNCTION = YES;
				GCC_WARN_UNUSED_VARIABLE = YES;
				IPHONEOS_DEPLOYMENT_TARGET = 11.0;
				MTL_ENABLE_DEBUG_INFO = INCLUDE_SOURCE;
				MTL_FAST_MATH = YES;
				ONLY_ACTIVE_ARCH = YES;
				SDKROOT = iphoneos;
				SWIFT_ACTIVE_COMPILATION_CONDITIONS = DEBUG;
				SWIFT_EMIT_LOC_STRINGS = YES;
				SWIFT_OPTIMIZATION_LEVEL = "-Onone";
				VALIDATE_PRODUCT = NO;
				VALIDATE_WORKSPACE = NO;
			};
			name = Debug;
		};
		520BC75D2768DAA90026A815 /* Release */ = {
			isa = XCBuildConfiguration;
			buildSettings = {
				ALWAYS_SEARCH_USER_PATHS = NO;
				CLANG_ANALYZER_LOCALIZABILITY_NONLOCALIZED = YES;
				CLANG_ANALYZER_NONNULL = YES;
				CLANG_ANALYZER_NUMBER_OBJECT_CONVERSION = YES_AGGRESSIVE;
				CLANG_CXX_LANGUAGE_STANDARD = "gnu++17";
				CLANG_CXX_LIBRARY = "libc++";
				CLANG_ENABLE_MODULES = YES;
				CLANG_ENABLE_OBJC_ARC = YES;
				CLANG_ENABLE_OBJC_WEAK = YES;
				CLANG_WARN_BLOCK_CAPTURE_AUTORELEASING = YES;
				CLANG_WARN_BOOL_CONVERSION = YES;
				CLANG_WARN_COMMA = YES;
				CLANG_WARN_CONSTANT_CONVERSION = YES;
				CLANG_WARN_DEPRECATED_OBJC_IMPLEMENTATIONS = YES;
				CLANG_WARN_DIRECT_OBJC_ISA_USAGE = YES_ERROR;
				CLANG_WARN_DOCUMENTATION_COMMENTS = YES;
				CLANG_WARN_EMPTY_BODY = YES;
				CLANG_WARN_ENUM_CONVERSION = YES;
				CLANG_WARN_INFINITE_RECURSION = YES;
				CLANG_WARN_INT_CONVERSION = YES;
				CLANG_WARN_NON_LITERAL_NULL_CONVERSION = YES;
				CLANG_WARN_OBJC_IMPLICIT_RETAIN_SELF = YES;
				CLANG_WARN_OBJC_LITERAL_CONVERSION = YES;
				CLANG_WARN_OBJC_ROOT_CLASS = YES_ERROR;
				CLANG_WARN_QUOTED_INCLUDE_IN_FRAMEWORK_HEADER = YES;
				CLANG_WARN_RANGE_LOOP_ANALYSIS = YES;
				CLANG_WARN_STRICT_PROTOTYPES = YES;
				CLANG_WARN_SUSPICIOUS_MOVE = YES;
				CLANG_WARN_UNGUARDED_AVAILABILITY = YES_AGGRESSIVE;
				CLANG_WARN_UNREACHABLE_CODE = YES;
				CLANG_WARN__DUPLICATE_METHOD_MATCH = YES;
				COPY_PHASE_STRIP = NO;
				DEBUG_INFORMATION_FORMAT = "dwarf-with-dsym";
				ENABLE_NS_ASSERTIONS = NO;
				ENABLE_STRICT_OBJC_MSGSEND = YES;
				GCC_C_LANGUAGE_STANDARD = gnu11;
				GCC_NO_COMMON_BLOCKS = YES;
				GCC_WARN_64_TO_32_BIT_CONVERSION = YES;
				GCC_WARN_ABOUT_RETURN_TYPE = YES_ERROR;
				GCC_WARN_UNDECLARED_SELECTOR = YES;
				GCC_WARN_UNINITIALIZED_AUTOS = YES_AGGRESSIVE;
				GCC_WARN_UNUSED_FUNCTION = YES;
				GCC_WARN_UNUSED_VARIABLE = YES;
				IPHONEOS_DEPLOYMENT_TARGET = 11.0;
				MTL_ENABLE_DEBUG_INFO = NO;
				MTL_FAST_MATH = YES;
				SDKROOT = iphoneos;
				SWIFT_COMPILATION_MODE = wholemodule;
				SWIFT_EMIT_LOC_STRINGS = YES;
				SWIFT_OPTIMIZATION_LEVEL = "-O";
				VALIDATE_PRODUCT = YES;
				VALIDATE_WORKSPACE = NO;
			};
			name = Release;
		};
		520BC75F2768DAA90026A815 /* Debug */ = {
			isa = XCBuildConfiguration;
			baseConfigurationReference = FBAF733830B7C18911A4F5D1 /* Pods-adOHRa.debug.xcconfig */;
			buildSettings = {
				ASSETCATALOG_COMPILER_APPICON_NAME = AppIcon;
				ASSETCATALOG_COMPILER_GLOBAL_ACCENT_COLOR_NAME = AccentColor;
				CLANG_ENABLE_MODULES = YES;
				CODE_SIGN_ENTITLEMENTS = adOHRa/adOHRa.entitlements;
				CODE_SIGN_IDENTITY = "Apple Development";
				CODE_SIGN_STYLE = Automatic;
				CURRENT_PROJECT_VERSION = 1;
				DEVELOPMENT_TEAM = KZ58BK29GC;
				ENABLE_BITCODE = NO;
				EXCLUDED_ARCHS = "";
				"EXCLUDED_ARCHS[sdk=iphonesimulator*]" = "arm64, armv7";
				FRAMEWORK_SEARCH_PATHS = (
					"$(PROJECT_DIR)",
					"$(inherited)",
				);
				GENERATE_INFOPLIST_FILE = YES;
				INFOPLIST_FILE = adOHRa/Info.plist;
				INFOPLIST_KEY_CFBundleDisplayName = adOHRa;
				INFOPLIST_KEY_UIApplicationSupportsIndirectInputEvents = YES;
				INFOPLIST_KEY_UILaunchStoryboardName = LaunchScreen;
				INFOPLIST_KEY_UIMainStoryboardFile = Main;
				INFOPLIST_KEY_UISupportedInterfaceOrientations = "";
				INFOPLIST_KEY_UISupportedInterfaceOrientations_iPad = "UIInterfaceOrientationPortrait UIInterfaceOrientationPortraitUpsideDown UIInterfaceOrientationLandscapeLeft UIInterfaceOrientationLandscapeRight";
				INFOPLIST_KEY_UISupportedInterfaceOrientations_iPhone = "UIInterfaceOrientationPortrait UIInterfaceOrientationLandscapeLeft UIInterfaceOrientationLandscapeRight";
				IPHONEOS_DEPLOYMENT_TARGET = 11.0;
				LD_RUNPATH_SEARCH_PATHS = (
					"$(inherited)",
					"@executable_path/Frameworks",
				);
				LIBRARY_SEARCH_PATHS = (
					"$(inherited)",
					"$(SRCROOT)",
				);
				MARKETING_VERSION = 0.1.0;
				ONLY_ACTIVE_ARCH = NO;
				PRODUCT_BUNDLE_IDENTIFIER = io.github.jilipop.adOHRa;
				PRODUCT_NAME = "$(TARGET_NAME)";
				PROVISIONING_PROFILE_SPECIFIER = "";
				SWIFT_EMIT_LOC_STRINGS = YES;
				SWIFT_OBJC_BRIDGING_HEADER = "adOHRa/adOHRa-Bridging-Header.h";
				SWIFT_OPTIMIZATION_LEVEL = "-Onone";
				SWIFT_VERSION = 5.0;
				TARGETED_DEVICE_FAMILY = "1,2";
			};
			name = Debug;
		};
		520BC7602768DAA90026A815 /* Release */ = {
			isa = XCBuildConfiguration;
			baseConfigurationReference = ADE44FE1EF46B4DEC4060C8E /* Pods-adOHRa.release.xcconfig */;
			buildSettings = {
				ASSETCATALOG_COMPILER_APPICON_NAME = AppIcon;
				ASSETCATALOG_COMPILER_GLOBAL_ACCENT_COLOR_NAME = AccentColor;
				CLANG_ENABLE_MODULES = YES;
				CODE_SIGN_ENTITLEMENTS = adOHRa/adOHRa.entitlements;
				CODE_SIGN_IDENTITY = "Apple Development";
				CODE_SIGN_STYLE = Automatic;
				CURRENT_PROJECT_VERSION = 1;
				DEVELOPMENT_TEAM = KZ58BK29GC;
				ENABLE_BITCODE = NO;
				EXCLUDED_ARCHS = "";
				"EXCLUDED_ARCHS[sdk=iphonesimulator*]" = "arm64, armv7";
				FRAMEWORK_SEARCH_PATHS = (
					"$(PROJECT_DIR)",
					"$(inherited)",
				);
				GENERATE_INFOPLIST_FILE = YES;
				INFOPLIST_FILE = adOHRa/Info.plist;
				INFOPLIST_KEY_CFBundleDisplayName = adOHRa;
				INFOPLIST_KEY_UIApplicationSupportsIndirectInputEvents = YES;
				INFOPLIST_KEY_UILaunchStoryboardName = LaunchScreen;
				INFOPLIST_KEY_UIMainStoryboardFile = Main;
				INFOPLIST_KEY_UISupportedInterfaceOrientations = "";
				INFOPLIST_KEY_UISupportedInterfaceOrientations_iPad = "UIInterfaceOrientationPortrait UIInterfaceOrientationPortraitUpsideDown UIInterfaceOrientationLandscapeLeft UIInterfaceOrientationLandscapeRight";
				INFOPLIST_KEY_UISupportedInterfaceOrientations_iPhone = "UIInterfaceOrientationPortrait UIInterfaceOrientationLandscapeLeft UIInterfaceOrientationLandscapeRight";
				IPHONEOS_DEPLOYMENT_TARGET = 11.0;
				LD_RUNPATH_SEARCH_PATHS = (
					"$(inherited)",
					"@executable_path/Frameworks",
				);
				LIBRARY_SEARCH_PATHS = (
					"$(inherited)",
					"$(SRCROOT)",
				);
				MARKETING_VERSION = 0.1.0;
				PRODUCT_BUNDLE_IDENTIFIER = io.github.jilipop.adOHRa;
				PRODUCT_NAME = "$(TARGET_NAME)";
				PROVISIONING_PROFILE_SPECIFIER = "";
				SWIFT_EMIT_LOC_STRINGS = YES;
				SWIFT_OBJC_BRIDGING_HEADER = "adOHRa/adOHRa-Bridging-Header.h";
				SWIFT_VERSION = 5.0;
				TARGETED_DEVICE_FAMILY = "1,2";
			};
			name = Release;
		};
		520BC7622768DAA90026A815 /* Debug */ = {
			isa = XCBuildConfiguration;
			baseConfigurationReference = D0F49D950371396AFEBF26E4 /* Pods-adOHRaTests.debug.xcconfig */;
			buildSettings = {
				ALWAYS_EMBED_SWIFT_STANDARD_LIBRARIES = YES;
				BUNDLE_LOADER = "$(TEST_HOST)";
				CLANG_ENABLE_MODULES = YES;
				CODE_SIGN_STYLE = Automatic;
				CURRENT_PROJECT_VERSION = 1;
				DEVELOPMENT_TEAM = KZ58BK29GC;
				"EXCLUDED_ARCHS[sdk=iphonesimulator*]" = "arm64, armv7";
				FRAMEWORK_SEARCH_PATHS = (
					"$(inherited)",
					"$(PROJECT_DIR)",
				);
				GENERATE_INFOPLIST_FILE = YES;
				IPHONEOS_DEPLOYMENT_TARGET = 11.0;
				LD_RUNPATH_SEARCH_PATHS = (
					"$(inherited)",
					"@executable_path/Frameworks",
					"@loader_path/Frameworks",
				);
				LIBRARY_SEARCH_PATHS = (
					"$(inherited)",
					"$(PROJECT_DIR)/Pods",
				);
				MARKETING_VERSION = 1.0;
				PRODUCT_BUNDLE_IDENTIFIER = io.github.jilipop.adOHRaTests;
				PRODUCT_NAME = "$(TARGET_NAME)";
				SWIFT_EMIT_LOC_STRINGS = NO;
				SWIFT_OBJC_BRIDGING_HEADER = "adOHRa/TPCircularBuffer/adOHRaTests-Bridging-Header.h";
				SWIFT_OPTIMIZATION_LEVEL = "-Onone";
				SWIFT_VERSION = 5.0;
				TARGETED_DEVICE_FAMILY = "1,2";
				TEST_HOST = "$(BUILT_PRODUCTS_DIR)/adOHRa.app/adOHRa";
			};
			name = Debug;
		};
		520BC7632768DAA90026A815 /* Release */ = {
			isa = XCBuildConfiguration;
			baseConfigurationReference = A65986ED02C38CA03752A26F /* Pods-adOHRaTests.release.xcconfig */;
			buildSettings = {
				ALWAYS_EMBED_SWIFT_STANDARD_LIBRARIES = YES;
				BUNDLE_LOADER = "$(TEST_HOST)";
				CLANG_ENABLE_MODULES = YES;
				CODE_SIGN_STYLE = Automatic;
				CURRENT_PROJECT_VERSION = 1;
				DEVELOPMENT_TEAM = KZ58BK29GC;
				"EXCLUDED_ARCHS[sdk=iphonesimulator*]" = "arm64, armv7";
				FRAMEWORK_SEARCH_PATHS = (
					"$(inherited)",
					"$(PROJECT_DIR)",
				);
				GENERATE_INFOPLIST_FILE = YES;
				IPHONEOS_DEPLOYMENT_TARGET = 11.0;
				LD_RUNPATH_SEARCH_PATHS = (
					"$(inherited)",
					"@executable_path/Frameworks",
					"@loader_path/Frameworks",
				);
				LIBRARY_SEARCH_PATHS = (
					"$(inherited)",
					"$(PROJECT_DIR)/Pods",
				);
				MARKETING_VERSION = 1.0;
				PRODUCT_BUNDLE_IDENTIFIER = io.github.jilipop.adOHRaTests;
				PRODUCT_NAME = "$(TARGET_NAME)";
				SWIFT_EMIT_LOC_STRINGS = NO;
				SWIFT_OBJC_BRIDGING_HEADER = "adOHRa/TPCircularBuffer/adOHRaTests-Bridging-Header.h";
				SWIFT_VERSION = 5.0;
				TARGETED_DEVICE_FAMILY = "1,2";
				TEST_HOST = "$(BUILT_PRODUCTS_DIR)/adOHRa.app/adOHRa";
			};
			name = Release;
		};
		520BC7652768DAA90026A815 /* Debug */ = {
			isa = XCBuildConfiguration;
			baseConfigurationReference = CAC581EE4200822AF2931D01 /* Pods-adOHRaUITests.debug.xcconfig */;
			buildSettings = {
				ALWAYS_EMBED_SWIFT_STANDARD_LIBRARIES = YES;
				CODE_SIGN_STYLE = Automatic;
				CURRENT_PROJECT_VERSION = 1;
				DEVELOPMENT_TEAM = KZ58BK29GC;
				"EXCLUDED_ARCHS[sdk=iphonesimulator*]" = "arm64, armv7";
				GENERATE_INFOPLIST_FILE = YES;
				LD_RUNPATH_SEARCH_PATHS = (
					"$(inherited)",
					"@executable_path/Frameworks",
					"@loader_path/Frameworks",
				);
				MARKETING_VERSION = 1.0;
				PRODUCT_BUNDLE_IDENTIFIER = io.github.jilipop.adOHRaUITests;
				PRODUCT_NAME = "$(TARGET_NAME)";
				SWIFT_EMIT_LOC_STRINGS = NO;
				SWIFT_VERSION = 5.0;
				TARGETED_DEVICE_FAMILY = "1,2";
				TEST_TARGET_NAME = adOHRa;
			};
			name = Debug;
		};
		520BC7662768DAA90026A815 /* Release */ = {
			isa = XCBuildConfiguration;
			baseConfigurationReference = 4C555BDDA4D72E37ABABDE5C /* Pods-adOHRaUITests.release.xcconfig */;
			buildSettings = {
				ALWAYS_EMBED_SWIFT_STANDARD_LIBRARIES = YES;
				CODE_SIGN_STYLE = Automatic;
				CURRENT_PROJECT_VERSION = 1;
				DEVELOPMENT_TEAM = KZ58BK29GC;
				"EXCLUDED_ARCHS[sdk=iphonesimulator*]" = "arm64, armv7";
				GENERATE_INFOPLIST_FILE = YES;
				LD_RUNPATH_SEARCH_PATHS = (
					"$(inherited)",
					"@executable_path/Frameworks",
					"@loader_path/Frameworks",
				);
				MARKETING_VERSION = 1.0;
				PRODUCT_BUNDLE_IDENTIFIER = io.github.jilipop.adOHRaUITests;
				PRODUCT_NAME = "$(TARGET_NAME)";
				SWIFT_EMIT_LOC_STRINGS = NO;
				SWIFT_VERSION = 5.0;
				TARGETED_DEVICE_FAMILY = "1,2";
				TEST_TARGET_NAME = adOHRa;
			};
			name = Release;
		};
/* End XCBuildConfiguration section */

/* Begin XCConfigurationList section */
		520BC72F2768DAA60026A815 /* Build configuration list for PBXProject "adOHRa" */ = {
			isa = XCConfigurationList;
			buildConfigurations = (
				520BC75C2768DAA90026A815 /* Debug */,
				520BC75D2768DAA90026A815 /* Release */,
			);
			defaultConfigurationIsVisible = 0;
			defaultConfigurationName = Release;
		};
		520BC75E2768DAA90026A815 /* Build configuration list for PBXNativeTarget "adOHRa" */ = {
			isa = XCConfigurationList;
			buildConfigurations = (
				520BC75F2768DAA90026A815 /* Debug */,
				520BC7602768DAA90026A815 /* Release */,
			);
			defaultConfigurationIsVisible = 0;
			defaultConfigurationName = Release;
		};
		520BC7612768DAA90026A815 /* Build configuration list for PBXNativeTarget "adOHRaTests" */ = {
			isa = XCConfigurationList;
			buildConfigurations = (
				520BC7622768DAA90026A815 /* Debug */,
				520BC7632768DAA90026A815 /* Release */,
			);
			defaultConfigurationIsVisible = 0;
			defaultConfigurationName = Release;
		};
		520BC7642768DAA90026A815 /* Build configuration list for PBXNativeTarget "adOHRaUITests" */ = {
			isa = XCConfigurationList;
			buildConfigurations = (
				520BC7652768DAA90026A815 /* Debug */,
				520BC7662768DAA90026A815 /* Release */,
			);
			defaultConfigurationIsVisible = 0;
			defaultConfigurationName = Release;
		};
/* End XCConfigurationList section */
	};
	rootObject = 520BC72C2768DAA60026A815 /* Project object */;
}
